
Microsoft Visual Studio Solution File, Format Version 12.00
# Visual Studio Version 16
VisualStudioVersion = 16.0.30413.136
MinimumVisualStudioVersion = 10.0.40219.1
Project("{8BC9CEB8-8B4A-11D0-8D11-00A0C91BC942}") = "SantaRace", "SantaRace.vcxproj", "{041A4247-4207-4C89-8EF8-45B931D588CB}"
EndProject
Global
	GlobalSection(SolutionConfigurationPlatforms) = preSolution
		Debug|x64 = Debug|x64
		Debug|x86 = Debug|x86
		Release|x64 = Release|x64
		Release|x86 = Release|x86
	EndGlobalSection
	GlobalSection(ProjectConfigurationPlatforms) = postSolution
		{041A4247-4207-4C89-8EF8-45B931D588CB}.Debug|x64.ActiveCfg = Debug|x64
		{041A4247-4207-4C89-8EF8-45B931D588CB}.Debug|x64.Build.0 = Debug|x64
		{041A4247-4207-4C89-8EF8-45B931D588CB}.Debug|x86.ActiveCfg = Debug|Win32
		{041A4247-4207-4C89-8EF8-45B931D588CB}.Debug|x86.Build.0 = Debug|Win32
		{041A4247-4207-4C89-8EF8-45B931D588CB}.Release|x64.ActiveCfg = Release|x64
		{041A4247-4207-4C89-8EF8-45B931D588CB}.Release|x64.Build.0 = Release|x64
		{041A4247-4207-4C89-8EF8-45B931D588CB}.Release|x86.ActiveCfg = Release|Win32
		{041A4247-4207-4C89-8EF8-45B931D588CB}.Release|x86.Build.0 = Release|Win32
	EndGlobalSection
	GlobalSection(SolutionProperties) = preSolution
		HideSolutionNode = FALSE
	EndGlobalSection
	GlobalSection(ExtensibilityGlobals) = postSolution
		SolutionGuid = {D3E01C24-AE94-42A2-85FA-11322973A69F}
	EndGlobalSection
EndGlobal
